
Microsoft Visual Studio Solution File, Format Version 11.00
# Visual Studio 2010
Project("{FAE04EC0-301F-11D3-BF4B-00C04F79EFBC}") = "ETOutline", "Assembly-CSharp.csproj", "{FC1ABC14-8BF1-699C-E0C5-3B1A14AA91DE}"
EndProject
Project("{FAE04EC0-301F-11D3-BF4B-00C04F79EFBC}") = "ETOutline", "Assembly-CSharp-Editor.csproj", "{EC705119-519A-6254-E4CF-F682C7F9C969}"
EndProject
Global
	GlobalSection(SolutionConfigurationPlatforms) = preSolution
		Debug|Any CPU = Debug|Any CPU
		Release|Any CPU = Release|Any CPU
	EndGlobalSection
	GlobalSection(ProjectConfigurationPlatforms) = postSolution
		{FC1ABC14-8BF1-699C-E0C5-3B1A14AA91DE}.Debug|Any CPU.ActiveCfg = Debug|Any CPU
		{FC1ABC14-8BF1-699C-E0C5-3B1A14AA91DE}.Debug|Any CPU.Build.0 = Debug|Any CPU
		{FC1ABC14-8BF1-699C-E0C5-3B1A14AA91DE}.Release|Any CPU.ActiveCfg = Release|Any CPU
		{FC1ABC14-8BF1-699C-E0C5-3B1A14AA91DE}.Release|Any CPU.Build.0 = Release|Any CPU
		{EC705119-519A-6254-E4CF-F682C7F9C969}.Debug|Any CPU.ActiveCfg = Debug|Any CPU
		{EC705119-519A-6254-E4CF-F682C7F9C969}.Debug|Any CPU.Build.0 = Debug|Any CPU
		{EC705119-519A-6254-E4CF-F682C7F9C969}.Release|Any CPU.ActiveCfg = Release|Any CPU
		{EC705119-519A-6254-E4CF-F682C7F9C969}.Release|Any CPU.Build.0 = Release|Any CPU
	EndGlobalSection
	GlobalSection(SolutionProperties) = preSolution
		HideSolutionNode = FALSE
	EndGlobalSection
	GlobalSection(MonoDevelopProperties) = preSolution
		StartupItem = Assembly-CSharp.csproj
	EndGlobalSection
EndGlobal
