
Microsoft Visual Studio Solution File, Format Version 12.00
# Visual Studio 2015
Project("{FAE04EC0-301F-11D3-BF4B-00C04F79EFBC}") = "ETOutline.CSharp", "ETOutline.CSharp.csproj", "{B25E0F26-223D-21D6-0D2E-30064B1DD446}"
EndProject
Global
	GlobalSection(SolutionConfigurationPlatforms) = preSolution
		Debug|Any CPU = Debug|Any CPU
		Release|Any CPU = Release|Any CPU
	EndGlobalSection
	GlobalSection(ProjectConfigurationPlatforms) = postSolution
		{B25E0F26-223D-21D6-0D2E-30064B1DD446}.Debug|Any CPU.ActiveCfg = Debug|Any CPU
		{B25E0F26-223D-21D6-0D2E-30064B1DD446}.Debug|Any CPU.Build.0 = Debug|Any CPU
		{B25E0F26-223D-21D6-0D2E-30064B1DD446}.Release|Any CPU.ActiveCfg = Release|Any CPU
		{B25E0F26-223D-21D6-0D2E-30064B1DD446}.Release|Any CPU.Build.0 = Release|Any CPU
	EndGlobalSection
	GlobalSection(SolutionProperties) = preSolution
		HideSolutionNode = FALSE
	EndGlobalSection
EndGlobal
