
Microsoft Visual Studio Solution File, Format Version 12.00
# Visual Studio 2017
Project("{FAE04EC0-301F-11D3-BF4B-00C04F79EFBC}") = "ETOutline", "ETOutline.csproj", "{009E5161-63C5-9FDC-74C3-8B8D04DE94AD}"
EndProject
Global
	GlobalSection(SolutionConfigurationPlatforms) = preSolution
		Debug|Any CPU = Debug|Any CPU
		Release|Any CPU = Release|Any CPU
	EndGlobalSection
	GlobalSection(ProjectConfigurationPlatforms) = postSolution
		{009E5161-63C5-9FDC-74C3-8B8D04DE94AD}.Debug|Any CPU.ActiveCfg = Debug|Any CPU
		{009E5161-63C5-9FDC-74C3-8B8D04DE94AD}.Debug|Any CPU.Build.0 = Debug|Any CPU
		{009E5161-63C5-9FDC-74C3-8B8D04DE94AD}.Release|Any CPU.ActiveCfg = Release|Any CPU
		{009E5161-63C5-9FDC-74C3-8B8D04DE94AD}.Release|Any CPU.Build.0 = Release|Any CPU
	EndGlobalSection
	GlobalSection(SolutionProperties) = preSolution
		HideSolutionNode = FALSE
	EndGlobalSection
EndGlobal
